
Microsoft Visual Studio Solution File, Format Version 12.00
# Visual Studio Version 16
VisualStudioVersion = 16.0.30503.244
MinimumVisualStudioVersion = 10.0.40219.1
Project("{8BC9CEB8-8B4A-11D0-8D11-00A0C91BC942}") = "1. BuyLaptop", "1. BuyLaptop\1. BuyLaptop.vcxproj", "{29383F70-28DE-4A85-A02B-5B7AC0949C7C}"
EndProject
Project("{8BC9CEB8-8B4A-11D0-8D11-00A0C91BC942}") = "2. SecondLargestNumber", "2. SecondLargestNumber\2. SecondLargestNumber.vcxproj", "{CFA1A419-9B0F-419C-8E75-B0B0905F5162}"
EndProject
Project("{8BC9CEB8-8B4A-11D0-8D11-00A0C91BC942}") = "3. PalindromeFromThreeNumbers", "3. PalindromeFromThreeNumbers\3. PalindromeFromThreeNumbers.vcxproj", "{8DA636E0-7931-42EE-9F9B-D7D15F62FA35}"
EndProject
Project("{8BC9CEB8-8B4A-11D0-8D11-00A0C91BC942}") = "4. NumberAsMultOfThreeNumbersWithMinSum", "4. NumberAsMultOfThreeNumbersWithMinSum\4. NumberAsMultOfThreeNumbersWithMinSum.vcxproj", "{2216CED5-A5A1-414E-95CF-E62586D615DD}"
EndProject
Project("{8BC9CEB8-8B4A-11D0-8D11-00A0C91BC942}") = "5. CheckIfDividingOneToNumberIsEndless", "5. CheckIfDividingOneToNumberIsEndless\5. CheckIfDividingOneToNumberIsEndless.vcxproj", "{127A391B-F672-43FD-9076-16B904BA8FCF}"
EndProject
Global
	GlobalSection(SolutionConfigurationPlatforms) = preSolution
		Debug|x64 = Debug|x64
		Debug|x86 = Debug|x86
		Release|x64 = Release|x64
		Release|x86 = Release|x86
	EndGlobalSection
	GlobalSection(ProjectConfigurationPlatforms) = postSolution
		{29383F70-28DE-4A85-A02B-5B7AC0949C7C}.Debug|x64.ActiveCfg = Debug|x64
		{29383F70-28DE-4A85-A02B-5B7AC0949C7C}.Debug|x64.Build.0 = Debug|x64
		{29383F70-28DE-4A85-A02B-5B7AC0949C7C}.Debug|x86.ActiveCfg = Debug|Win32
		{29383F70-28DE-4A85-A02B-5B7AC0949C7C}.Debug|x86.Build.0 = Debug|Win32
		{29383F70-28DE-4A85-A02B-5B7AC0949C7C}.Release|x64.ActiveCfg = Release|x64
		{29383F70-28DE-4A85-A02B-5B7AC0949C7C}.Release|x64.Build.0 = Release|x64
		{29383F70-28DE-4A85-A02B-5B7AC0949C7C}.Release|x86.ActiveCfg = Release|Win32
		{29383F70-28DE-4A85-A02B-5B7AC0949C7C}.Release|x86.Build.0 = Release|Win32
		{CFA1A419-9B0F-419C-8E75-B0B0905F5162}.Debug|x64.ActiveCfg = Debug|x64
		{CFA1A419-9B0F-419C-8E75-B0B0905F5162}.Debug|x64.Build.0 = Debug|x64
		{CFA1A419-9B0F-419C-8E75-B0B0905F5162}.Debug|x86.ActiveCfg = Debug|Win32
		{CFA1A419-9B0F-419C-8E75-B0B0905F5162}.Debug|x86.Build.0 = Debug|Win32
		{CFA1A419-9B0F-419C-8E75-B0B0905F5162}.Release|x64.ActiveCfg = Release|x64
		{CFA1A419-9B0F-419C-8E75-B0B0905F5162}.Release|x64.Build.0 = Release|x64
		{CFA1A419-9B0F-419C-8E75-B0B0905F5162}.Release|x86.ActiveCfg = Release|Win32
		{CFA1A419-9B0F-419C-8E75-B0B0905F5162}.Release|x86.Build.0 = Release|Win32
		{8DA636E0-7931-42EE-9F9B-D7D15F62FA35}.Debug|x64.ActiveCfg = Debug|x64
		{8DA636E0-7931-42EE-9F9B-D7D15F62FA35}.Debug|x64.Build.0 = Debug|x64
		{8DA636E0-7931-42EE-9F9B-D7D15F62FA35}.Debug|x86.ActiveCfg = Debug|Win32
		{8DA636E0-7931-42EE-9F9B-D7D15F62FA35}.Debug|x86.Build.0 = Debug|Win32
		{8DA636E0-7931-42EE-9F9B-D7D15F62FA35}.Release|x64.ActiveCfg = Release|x64
		{8DA636E0-7931-42EE-9F9B-D7D15F62FA35}.Release|x64.Build.0 = Release|x64
		{8DA636E0-7931-42EE-9F9B-D7D15F62FA35}.Release|x86.ActiveCfg = Release|Win32
		{8DA636E0-7931-42EE-9F9B-D7D15F62FA35}.Release|x86.Build.0 = Release|Win32
		{2216CED5-A5A1-414E-95CF-E62586D615DD}.Debug|x64.ActiveCfg = Debug|x64
		{2216CED5-A5A1-414E-95CF-E62586D615DD}.Debug|x64.Build.0 = Debug|x64
		{2216CED5-A5A1-414E-95CF-E62586D615DD}.Debug|x86.ActiveCfg = Debug|Win32
		{2216CED5-A5A1-414E-95CF-E62586D615DD}.Debug|x86.Build.0 = Debug|Win32
		{2216CED5-A5A1-414E-95CF-E62586D615DD}.Release|x64.ActiveCfg = Release|x64
		{2216CED5-A5A1-414E-95CF-E62586D615DD}.Release|x64.Build.0 = Release|x64
		{2216CED5-A5A1-414E-95CF-E62586D615DD}.Release|x86.ActiveCfg = Release|Win32
		{2216CED5-A5A1-414E-95CF-E62586D615DD}.Release|x86.Build.0 = Release|Win32
		{127A391B-F672-43FD-9076-16B904BA8FCF}.Debug|x64.ActiveCfg = Debug|x64
		{127A391B-F672-43FD-9076-16B904BA8FCF}.Debug|x64.Build.0 = Debug|x64
		{127A391B-F672-43FD-9076-16B904BA8FCF}.Debug|x86.ActiveCfg = Debug|Win32
		{127A391B-F672-43FD-9076-16B904BA8FCF}.Debug|x86.Build.0 = Debug|Win32
		{127A391B-F672-43FD-9076-16B904BA8FCF}.Release|x64.ActiveCfg = Release|x64
		{127A391B-F672-43FD-9076-16B904BA8FCF}.Release|x64.Build.0 = Release|x64
		{127A391B-F672-43FD-9076-16B904BA8FCF}.Release|x86.ActiveCfg = Release|Win32
		{127A391B-F672-43FD-9076-16B904BA8FCF}.Release|x86.Build.0 = Release|Win32
	EndGlobalSection
	GlobalSection(SolutionProperties) = preSolution
		HideSolutionNode = FALSE
	EndGlobalSection
	GlobalSection(ExtensibilityGlobals) = postSolution
		SolutionGuid = {19C1FB76-982E-4358-BA3C-3F484DA4DC1C}
	EndGlobalSection
EndGlobal
