
Microsoft Visual Studio Solution File, Format Version 12.00
# Visual Studio Version 16
VisualStudioVersion = 16.0.31025.194
MinimumVisualStudioVersion = 10.0.40219.1
Project("{8BC9CEB8-8B4A-11D0-8D11-00A0C91BC942}") = "OOP-workshop-1-intro", "OOP-workshop-1-intro\OOP-workshop-1-intro.vcxproj", "{6E00871F-DAD8-4E9B-99DF-42456FEB60E4}"
EndProject
Project("{8BC9CEB8-8B4A-11D0-8D11-00A0C91BC942}") = "Problem-1", "Problem-1\Problem-1.vcxproj", "{759F3FB7-CE65-432D-91C2-4B967582C7FF}"
EndProject
Project("{8BC9CEB8-8B4A-11D0-8D11-00A0C91BC942}") = "Problem-2", "Problem-2\Problem-2.vcxproj", "{AFFBA9A6-1E1C-4125-9BC3-C28240B1A7E7}"
EndProject
Global
	GlobalSection(SolutionConfigurationPlatforms) = preSolution
		Debug|x64 = Debug|x64
		Debug|x86 = Debug|x86
		Release|x64 = Release|x64
		Release|x86 = Release|x86
	EndGlobalSection
	GlobalSection(ProjectConfigurationPlatforms) = postSolution
		{6E00871F-DAD8-4E9B-99DF-42456FEB60E4}.Debug|x64.ActiveCfg = Debug|x64
		{6E00871F-DAD8-4E9B-99DF-42456FEB60E4}.Debug|x64.Build.0 = Debug|x64
		{6E00871F-DAD8-4E9B-99DF-42456FEB60E4}.Debug|x86.ActiveCfg = Debug|Win32
		{6E00871F-DAD8-4E9B-99DF-42456FEB60E4}.Debug|x86.Build.0 = Debug|Win32
		{6E00871F-DAD8-4E9B-99DF-42456FEB60E4}.Release|x64.ActiveCfg = Release|x64
		{6E00871F-DAD8-4E9B-99DF-42456FEB60E4}.Release|x64.Build.0 = Release|x64
		{6E00871F-DAD8-4E9B-99DF-42456FEB60E4}.Release|x86.ActiveCfg = Release|Win32
		{6E00871F-DAD8-4E9B-99DF-42456FEB60E4}.Release|x86.Build.0 = Release|Win32
		{759F3FB7-CE65-432D-91C2-4B967582C7FF}.Debug|x64.ActiveCfg = Debug|x64
		{759F3FB7-CE65-432D-91C2-4B967582C7FF}.Debug|x64.Build.0 = Debug|x64
		{759F3FB7-CE65-432D-91C2-4B967582C7FF}.Debug|x86.ActiveCfg = Debug|Win32
		{759F3FB7-CE65-432D-91C2-4B967582C7FF}.Debug|x86.Build.0 = Debug|Win32
		{759F3FB7-CE65-432D-91C2-4B967582C7FF}.Release|x64.ActiveCfg = Release|x64
		{759F3FB7-CE65-432D-91C2-4B967582C7FF}.Release|x64.Build.0 = Release|x64
		{759F3FB7-CE65-432D-91C2-4B967582C7FF}.Release|x86.ActiveCfg = Release|Win32
		{759F3FB7-CE65-432D-91C2-4B967582C7FF}.Release|x86.Build.0 = Release|Win32
		{AFFBA9A6-1E1C-4125-9BC3-C28240B1A7E7}.Debug|x64.ActiveCfg = Debug|x64
		{AFFBA9A6-1E1C-4125-9BC3-C28240B1A7E7}.Debug|x64.Build.0 = Debug|x64
		{AFFBA9A6-1E1C-4125-9BC3-C28240B1A7E7}.Debug|x86.ActiveCfg = Debug|Win32
		{AFFBA9A6-1E1C-4125-9BC3-C28240B1A7E7}.Debug|x86.Build.0 = Debug|Win32
		{AFFBA9A6-1E1C-4125-9BC3-C28240B1A7E7}.Release|x64.ActiveCfg = Release|x64
		{AFFBA9A6-1E1C-4125-9BC3-C28240B1A7E7}.Release|x64.Build.0 = Release|x64
		{AFFBA9A6-1E1C-4125-9BC3-C28240B1A7E7}.Release|x86.ActiveCfg = Release|Win32
		{AFFBA9A6-1E1C-4125-9BC3-C28240B1A7E7}.Release|x86.Build.0 = Release|Win32
	EndGlobalSection
	GlobalSection(SolutionProperties) = preSolution
		HideSolutionNode = FALSE
	EndGlobalSection
	GlobalSection(ExtensibilityGlobals) = postSolution
		SolutionGuid = {86EAD425-D3E3-4290-9731-6F5A0C9F9253}
	EndGlobalSection
EndGlobal
